
Microsoft Visual Studio Solution File, Format Version 12.00
# Visual Studio Version 17
VisualStudioVersion = 17.11.35303.130
MinimumVisualStudioVersion = 10.0.40219.1
Project("{9A19103F-16F7-4668-BE54-9A1E7A4F7556}") = "Test.MA", "Test.MA\Test.MA.csproj", "{4603A9EA-CD19-461F-B231-09DD1DC119DD}"
EndProject
Project("{FAE04EC0-301F-11D3-BF4B-00C04F79EFBC}") = "Test.UI", "Test.UI\Test.UI.csproj", "{B24A02B8-9CBD-43EA-A426-B3830BFF6A31}"
EndProject
Global
	GlobalSection(SolutionConfigurationPlatforms) = preSolution
		Debug|Any CPU = Debug|Any CPU
		Release|Any CPU = Release|Any CPU
	EndGlobalSection
	GlobalSection(ProjectConfigurationPlatforms) = postSolution
		{4603A9EA-CD19-461F-B231-09DD1DC119DD}.Debug|Any CPU.ActiveCfg = Debug|Any CPU
		{4603A9EA-CD19-461F-B231-09DD1DC119DD}.Debug|Any CPU.Build.0 = Debug|Any CPU
		{4603A9EA-CD19-461F-B231-09DD1DC119DD}.Release|Any CPU.ActiveCfg = Release|Any CPU
		{4603A9EA-CD19-461F-B231-09DD1DC119DD}.Release|Any CPU.Build.0 = Release|Any CPU
		{B24A02B8-9CBD-43EA-A426-B3830BFF6A31}.Debug|Any CPU.ActiveCfg = Debug|Any CPU
		{B24A02B8-9CBD-43EA-A426-B3830BFF6A31}.Debug|Any CPU.Build.0 = Debug|Any CPU
		{B24A02B8-9CBD-43EA-A426-B3830BFF6A31}.Release|Any CPU.ActiveCfg = Release|Any CPU
		{B24A02B8-9CBD-43EA-A426-B3830BFF6A31}.Release|Any CPU.Build.0 = Release|Any CPU
	EndGlobalSection
	GlobalSection(SolutionProperties) = preSolution
		HideSolutionNode = FALSE
	EndGlobalSection
	GlobalSection(ExtensibilityGlobals) = postSolution
		SolutionGuid = {AC21461A-DCD0-4C1F-B709-467B039878F6}
	EndGlobalSection
EndGlobal
